
Microsoft Visual Studio Solution File, Format Version 12.00
# Visual Studio 2013
VisualStudioVersion = 12.0.30501.0
MinimumVisualStudioVersion = 10.0.40219.1
Project("{FAE04EC0-301F-11D3-BF4B-00C04F79EFBC}") = "AppCommander", "AppCommander\AppCommander.csproj", "{F502CACC-D4BE-4899-86C7-6D84FF58F9E5}"
EndProject
Project("{FAE04EC0-301F-11D3-BF4B-00C04F79EFBC}") = "BioBS", "..\BioBS\BioBS\BioBS.csproj", "{C1532955-4B3A-4C53-B298-F3666DEECAF3}"
EndProject
Project("{FAE04EC0-301F-11D3-BF4B-00C04F79EFBC}") = "RatingControlSample", "C:\Users\Markus\Downloads\RatingControlSample\RatingControlSample\RatingControlSample\RatingControlSample.csproj", "{16B3907E-2EA4-429A-A418-5B63E0C018BA}"
EndProject
Project("{FAE04EC0-301F-11D3-BF4B-00C04F79EFBC}") = "Sandbox", "C:\Users\Markus\Downloads\RatingControlSample\RatingControlSample\Sandbox\Sandbox.csproj", "{EA7842FA-4D40-44E6-B352-481214E8A708}"
EndProject
Project("{FAE04EC0-301F-11D3-BF4B-00C04F79EFBC}") = "AppCommanderTest", "AppCommanderTest\AppCommanderTest.csproj", "{323B967C-03BE-4785-B9E0-F67D0B251E27}"
EndProject
Global
	GlobalSection(SolutionConfigurationPlatforms) = preSolution
		Debug|Any CPU = Debug|Any CPU
		Release|Any CPU = Release|Any CPU
	EndGlobalSection
	GlobalSection(ProjectConfigurationPlatforms) = postSolution
		{F502CACC-D4BE-4899-86C7-6D84FF58F9E5}.Debug|Any CPU.ActiveCfg = Debug|Any CPU
		{F502CACC-D4BE-4899-86C7-6D84FF58F9E5}.Debug|Any CPU.Build.0 = Debug|Any CPU
		{F502CACC-D4BE-4899-86C7-6D84FF58F9E5}.Release|Any CPU.ActiveCfg = Release|Any CPU
		{F502CACC-D4BE-4899-86C7-6D84FF58F9E5}.Release|Any CPU.Build.0 = Release|Any CPU
		{C1532955-4B3A-4C53-B298-F3666DEECAF3}.Debug|Any CPU.ActiveCfg = Debug|Any CPU
		{C1532955-4B3A-4C53-B298-F3666DEECAF3}.Debug|Any CPU.Build.0 = Debug|Any CPU
		{C1532955-4B3A-4C53-B298-F3666DEECAF3}.Release|Any CPU.ActiveCfg = Release|Any CPU
		{C1532955-4B3A-4C53-B298-F3666DEECAF3}.Release|Any CPU.Build.0 = Release|Any CPU
		{16B3907E-2EA4-429A-A418-5B63E0C018BA}.Debug|Any CPU.ActiveCfg = Debug|Any CPU
		{16B3907E-2EA4-429A-A418-5B63E0C018BA}.Debug|Any CPU.Build.0 = Debug|Any CPU
		{16B3907E-2EA4-429A-A418-5B63E0C018BA}.Release|Any CPU.ActiveCfg = Release|Any CPU
		{16B3907E-2EA4-429A-A418-5B63E0C018BA}.Release|Any CPU.Build.0 = Release|Any CPU
		{EA7842FA-4D40-44E6-B352-481214E8A708}.Debug|Any CPU.ActiveCfg = Debug|Any CPU
		{EA7842FA-4D40-44E6-B352-481214E8A708}.Debug|Any CPU.Build.0 = Debug|Any CPU
		{EA7842FA-4D40-44E6-B352-481214E8A708}.Release|Any CPU.ActiveCfg = Release|Any CPU
		{EA7842FA-4D40-44E6-B352-481214E8A708}.Release|Any CPU.Build.0 = Release|Any CPU
		{323B967C-03BE-4785-B9E0-F67D0B251E27}.Debug|Any CPU.ActiveCfg = Debug|Any CPU
		{323B967C-03BE-4785-B9E0-F67D0B251E27}.Debug|Any CPU.Build.0 = Debug|Any CPU
		{323B967C-03BE-4785-B9E0-F67D0B251E27}.Release|Any CPU.ActiveCfg = Release|Any CPU
		{323B967C-03BE-4785-B9E0-F67D0B251E27}.Release|Any CPU.Build.0 = Release|Any CPU
	EndGlobalSection
	GlobalSection(SolutionProperties) = preSolution
		HideSolutionNode = FALSE
	EndGlobalSection
EndGlobal
